// !$*UTF8*$!
{
	archiveVersion = 1;
	classes = {
	};
	objectVersion = 50;
	objects = {

/* Begin PBXBuildFile section */
		8FE3257F208F7F25008D6E68 /* DetalleViewController.swift in Sources */ = {isa = PBXBuildFile; fileRef = 8FE3257E208F7F25008D6E68 /* DetalleViewController.swift */; };
		8FE92BE92088EAEE00645A01 /* AppDelegate.swift in Sources */ = {isa = PBXBuildFile; fileRef = 8FE92BE82088EAEE00645A01 /* AppDelegate.swift */; };
		8FE92BEB2088EAEE00645A01 /* ViewController.swift in Sources */ = {isa = PBXBuildFile; fileRef = 8FE92BEA2088EAEE00645A01 /* ViewController.swift */; };
		8FE92BEE2088EAEE00645A01 /* Main.storyboard in Resources */ = {isa = PBXBuildFile; fileRef = 8FE92BEC2088EAEE00645A01 /* Main.storyboard */; };
		8FE92BF02088EAEE00645A01 /* Assets.xcassets in Resources */ = {isa = PBXBuildFile; fileRef = 8FE92BEF2088EAEE00645A01 /* Assets.xcassets */; };
		8FE92BF32088EAEE00645A01 /* LaunchScreen.storyboard in Resources */ = {isa = PBXBuildFile; fileRef = 8FE92BF12088EAEE00645A01 /* LaunchScreen.storyboard */; };
/* End PBXBuildFile section */

/* Begin PBXFileReference section */
		8FE3257E208F7F25008D6E68 /* DetalleViewController.swift */ = {isa = PBXFileReference; lastKnownFileType = sourcecode.swift; path = DetalleViewController.swift; sourceTree = "<group>"; };
		8FE92BE52088EAEE00645A01 /* Practica_5_Custom_cells.app */ = {isa = PBXFileReference; explicitFileType = wrapper.application; includeInIndex = 0; path = Practica_5_Custom_cells.app; sourceTree = BUILT_PRODUCTS_DIR; };
		8FE92BE82088EAEE00645A01 /* AppDelegate.swift */ = {isa = PBXFileReference; lastKnownFileType = sourcecode.swift; path = AppDelegate.swift; sourceTree = "<group>"; };
		8FE92BEA2088EAEE00645A01 /* ViewController.swift */ = {isa = PBXFileReference; lastKnownFileType = sourcecode.swift; path = ViewController.swift; sourceTree = "<group>"; };
		8FE92BED2088EAEE00645A01 /* Base */ = {isa = PBXFileReference; lastKnownFileType = file.storyboard; name = Base; path = Base.lproj/Main.storyboard; sourceTree = "<group>"; };
		8FE92BEF2088EAEE00645A01 /* Assets.xcassets */ = {isa = PBXFileReference; lastKnownFileType = folder.assetcatalog; path = Assets.xcassets; sourceTree = "<group>"; };
		8FE92BF22088EAEE00645A01 /* Base */ = {isa = PBXFileReference; lastKnownFileType = file.storyboard; name = Base; path = Base.lproj/LaunchScreen.storyboard; sourceTree = "<group>"; };
		8FE92BF42088EAEE00645A01 /* Info.plist */ = {isa = PBXFileReference; lastKnownFileType = text.plist.xml; path = Info.plist; sourceTree = "<group>"; };
/* End PBXFileReference section */

/* Begin PBXFrameworksBuildPhase section */
		8FE92BE22088EAEE00645A01 /* Frameworks */ = {
			isa = PBXFrameworksBuildPhase;
			buildActionMask = 2147483647;
			files = (
			);
			runOnlyForDeploymentPostprocessing = 0;
		};
/* End PBXFrameworksBuildPhase section */

/* Begin PBXGroup section */
		8FE92BDC2088EAEE00645A01 = {
			isa = PBXGroup;
			children = (
				8FE92BE72088EAEE00645A01 /* Practica_5_Custom_cells */,
				8FE92BE62088EAEE00645A01 /* Products */,
			);
			sourceTree = "<group>";
		};
		8FE92BE62088EAEE00645A01 /* Products */ = {
			isa = PBXGroup;
			children = (
				8FE92BE52088EAEE00645A01 /* Practica_5_Custom_cells.app */,
			);
			name = Products;
			sourceTree = "<group>";
		};
		8FE92BE72088EAEE00645A01 /* Practica_5_Custom_cells */ = {
			isa = PBXGroup;
			children = (
				8FE92BE82088EAEE00645A01 /* AppDelegate.swift */,
				8FE92BEA2088EAEE00645A01 /* ViewController.swift */,
				8FE92BEC2088EAEE00645A01 /* Main.storyboard */,
				8FE92BEF2088EAEE00645A01 /* Assets.xcassets */,
				8FE92BF12088EAEE00645A01 /* LaunchScreen.storyboard */,
				8FE92BF42088EAEE00645A01 /* Info.plist */,
				8FE3257E208F7F25008D6E68 /* DetalleViewController.swift */,
			);
			path = Practica_5_Custom_cells;
			sourceTree = "<group>";
		};
/* End PBXGroup section */

/* Begin PBXNativeTarget section */
		8FE92BE42088EAEE00645A01 /* Practica_5_Custom_cells */ = {
			isa = PBXNativeTarget;
			buildConfigurationList = 8FE92BF72088EAEE00645A01 /* Build configuration list for PBXNativeTarget "Practica_5_Custom_cells" */;
			buildPhases = (
				8FE92BE12088EAEE00645A01 /* Sources */,
				8FE92BE22088EAEE00645A01 /* Frameworks */,
				8FE92BE32088EAEE00645A01 /* Resources */,
			);
			buildRules = (
			);
			dependencies = (
			);
			name = Practica_5_Custom_cells;
			productName = Practica_5_Custom_cells;
			productReference = 8FE92BE52088EAEE00645A01 /* Practica_5_Custom_cells.app */;
			productType = "com.apple.product-type.application";
		};
/* End PBXNativeTarget section */

/* Begin PBXProject section */
		8FE92BDD2088EAEE00645A01 /* Project object */ = {
			isa = PBXProject;
			attributes = {
				LastSwiftUpdateCheck = 0930;
				LastUpgradeCheck = 0930;
				ORGANIZATIONNAME = "Jose Manuel Chairez Macias";
				TargetAttributes = {
					8FE92BE42088EAEE00645A01 = {
						CreatedOnToolsVersion = 9.3;
					};
				};
			};
			buildConfigurationList = 8FE92BE02088EAEE00645A01 /* Build configuration list for PBXProject "Practica_5_Custom_cells" */;
			compatibilityVersion = "Xcode 9.3";
			developmentRegion = en;
			hasScannedForEncodings = 0;
			knownRegions = (
				en,
				Base,
			);
			mainGroup = 8FE92BDC2088EAEE00645A01;
			productRefGroup = 8FE92BE62088EAEE00645A01 /* Products */;
			projectDirPath = "";
			projectRoot = "";
			targets = (
				8FE92BE42088EAEE00645A01 /* Practica_5_Custom_cells */,
			);
		};
/* End PBXProject section */

/* Begin PBXResourcesBuildPhase section */
		8FE92BE32088EAEE00645A01 /* Resources */ = {
			isa = PBXResourcesBuildPhase;
			buildActionMask = 2147483647;
			files = (
				8FE92BF32088EAEE00645A01 /* LaunchScreen.storyboard in Resources */,
				8FE92BF02088EAEE00645A01 /* Assets.xcassets in Resources */,
				8FE92BEE2088EAEE00645A01 /* Main.storyboard in Resources */,
			);
			runOnlyForDeploymentPostprocessing = 0;
		};
/* End PBXResourcesBuildPhase section */

/* Begin PBXSourcesBuildPhase section */
		8FE92BE12088EAEE00645A01 /* Sources */ = {
			isa = PBXSourcesBuildPhase;
			buildActionMask = 2147483647;
			files = (
				8FE3257F208F7F25008D6E68 /* DetalleViewController.swift in Sources */,
				8FE92BEB2088EAEE00645A01 /* ViewController.swift in Sources */,
				8FE92BE92088EAEE00645A01 /* AppDelegate.swift in Sources */,
			);
			runOnlyForDeploymentPostprocessing = 0;
		};
/* End PBXSourcesBuildPhase section */

/* Begin PBXVariantGroup section */
		8FE92BEC2088EAEE00645A01 /* Main.storyboard */ = {
			isa = PBXVariantGroup;
			children = (
				8FE92BED2088EAEE00645A01 /* Base */,
			);
			name = Main.storyboard;
			sourceTree = "<group>";
		};
		8FE92BF12088EAEE00645A01 /* LaunchScreen.storyboard */ = {
			isa = PBXVariantGroup;
			children = (
				8FE92BF22088EAEE00645A01 /* Base */,
			);
			name = LaunchScreen.storyboard;
			sourceTree = "<group>";
		};
/* End PBXVariantGroup section */

/* Begin XCBuildConfiguration section */
		8FE92BF52088EAEE00645A01 /* Debug */ = {
			isa = XCBuildConfiguration;
			buildSettings = {
				ALWAYS_SEARCH_USER_PATHS = NO;
				CLANG_ANALYZER_NONNULL = YES;
				CLANG_ANALYZER_NUMBER_OBJECT_CONVERSION = YES_AGGRESSIVE;
				CLANG_CXX_LANGUAGE_STANDARD = "gnu++14";
				CLANG_CXX_LIBRARY = "libc++";
				CLANG_ENABLE_MODULES = YES;
				CLANG_ENABLE_OBJC_ARC = YES;
				CLANG_ENABLE_OBJC_WEAK = YES;
				CLANG_WARN_BLOCK_CAPTURE_AUTORELEASING = YES;
				CLANG_WARN_BOOL_CONVERSION = YES;
				CLANG_WARN_COMMA = YES;
				CLANG_WARN_CONSTANT_CONVERSION = YES;
				CLANG_WARN_DEPRECATED_OBJC_IMPLEMENTATIONS = YES;
				CLANG_WARN_DIRECT_OBJC_ISA_USAGE = YES_ERROR;
				CLANG_WARN_DOCUMENTATION_COMMENTS = YES;
				CLANG_WARN_EMPTY_BODY = YES;
				CLANG_WARN_ENUM_CONVERSION = YES;
				CLANG_WARN_INFINITE_RECURSION = YES;
				CLANG_WARN_INT_CONVERSION = YES;
				CLANG_WARN_NON_LITERAL_NULL_CONVERSION = YES;
				CLANG_WARN_OBJC_IMPLICIT_RETAIN_SELF = YES;
				CLANG_WARN_OBJC_LITERAL_CONVERSION = YES;
				CLANG_WARN_OBJC_ROOT_CLASS = YES_ERROR;
				CLANG_WARN_RANGE_LOOP_ANALYSIS = YES;
				CLANG_WARN_STRICT_PROTOTYPES = YES;
				CLANG_WARN_SUSPICIOUS_MOVE = YES;
				CLANG_WARN_UNGUARDED_AVAILABILITY = YES_AGGRESSIVE;
				CLANG_WARN_UNREACHABLE_CODE = YES;
				CLANG_WARN__DUPLICATE_METHOD_MATCH = YES;
				CODE_SIGN_IDENTITY = "iPhone Developer";
				COPY_PHASE_STRIP = NO;
				DEBUG_INFORMATION_FORMAT = dwarf;
				ENABLE_STRICT_OBJC_MSGSEND = YES;
				ENABLE_TESTABILITY = YES;
				GCC_C_LANGUAGE_STANDARD = gnu11;
				GCC_DYNAMIC_NO_PIC = NO;
				GCC_NO_COMMON_BLOCKS = YES;
				GCC_OPTIMIZATION_LEVEL = 0;
				GCC_PREPROCESSOR_DEFINITIONS = (
					"DEBUG=1",
					"$(inherited)",
				);
				GCC_WARN_64_TO_32_BIT_CONVERSION = YES;
				GCC_WARN_ABOUT_RETURN_TYPE = YES_ERROR;
				GCC_WARN_UNDECLARED_SELECTOR = YES;
				GCC_WARN_UNINITIALIZED_AUTOS = YES_AGGRESSIVE;
				GCC_WARN_UNUSED_FUNCTION = YES;
				GCC_WARN_UNUSED_VARIABLE = YES;
				IPHONEOS_DEPLOYMENT_TARGET = 11.3;
				MTL_ENABLE_DEBUG_INFO = YES;
				ONLY_ACTIVE_ARCH = YES;
				SDKROOT = iphoneos;
				SWIFT_ACTIVE_COMPILATION_CONDITIONS = DEBUG;
				SWIFT_OPTIMIZATION_LEVEL = "-Onone";
			};
			name = Debug;
		};
		8FE92BF62088EAEE00645A01 /* Release */ = {
			isa = XCBuildConfiguration;
			buildSettings = {
				ALWAYS_SEARCH_USER_PATHS = NO;
				CLANG_ANALYZER_NONNULL = YES;
				CLANG_ANALYZER_NUMBER_OBJECT_CONVERSION = YES_AGGRESSIVE;
				CLANG_CXX_LANGUAGE_STANDARD = "gnu++14";
				CLANG_CXX_LIBRARY = "libc++";
				CLANG_ENABLE_MODULES = YES;
				CLANG_ENABLE_OBJC_ARC = YES;
				CLANG_ENABLE_OBJC_WEAK = YES;
				CLANG_WARN_BLOCK_CAPTURE_AUTORELEASING = YES;
				CLANG_WARN_BOOL_CONVERSION = YES;
				CLANG_WARN_COMMA = YES;
				CLANG_WARN_CONSTANT_CONVERSION = YES;
				CLANG_WARN_DEPRECATED_OBJC_IMPLEMENTATIONS = YES;
				CLANG_WARN_DIRECT_OBJC_ISA_USAGE = YES_ERROR;
				CLANG_WARN_DOCUMENTATION_COMMENTS = YES;
				CLANG_WARN_EMPTY_BODY = YES;
				CLANG_WARN_ENUM_CONVERSION = YES;
				CLANG_WARN_INFINITE_RECURSION = YES;
				CLANG_WARN_INT_CONVERSION = YES;
				CLANG_WARN_NON_LITERAL_NULL_CONVERSION = YES;
				CLANG_WARN_OBJC_IMPLICIT_RETAIN_SELF = YES;
				CLANG_WARN_OBJC_LITERAL_CONVERSION = YES;
				CLANG_WARN_OBJC_ROOT_CLASS = YES_ERROR;
				CLANG_WARN_RANGE_LOOP_ANALYSIS = YES;
				CLANG_WARN_STRICT_PROTOTYPES = YES;
				CLANG_WARN_SUSPICIOUS_MOVE = YES;
				CLANG_WARN_UNGUARDED_AVAILABILITY = YES_AGGRESSIVE;
				CLANG_WARN_UNREACHABLE_CODE = YES;
				CLANG_WARN__DUPLICATE_METHOD_MATCH = YES;
				CODE_SIGN_IDENTITY = "iPhone Developer";
				COPY_PHASE_STRIP = NO;
				DEBUG_INFORMATION_FORMAT = "dwarf-with-dsym";
				ENABLE_NS_ASSERTIONS = NO;
				ENABLE_STRICT_OBJC_MSGSEND = YES;
				GCC_C_LANGUAGE_STANDARD = gnu11;
				GCC_NO_COMMON_BLOCKS = YES;
				GCC_WARN_64_TO_32_BIT_CONVERSION = YES;
				GCC_WARN_ABOUT_RETURN_TYPE = YES_ERROR;
				GCC_WARN_UNDECLARED_SELECTOR = YES;
				GCC_WARN_UNINITIALIZED_AUTOS = YES_AGGRESSIVE;
				GCC_WARN_UNUSED_FUNCTION = YES;
				GCC_WARN_UNUSED_VARIABLE = YES;
				IPHONEOS_DEPLOYMENT_TARGET = 11.3;
				MTL_ENABLE_DEBUG_INFO = NO;
				SDKROOT = iphoneos;
				SWIFT_COMPILATION_MODE = wholemodule;
				SWIFT_OPTIMIZATION_LEVEL = "-O";
				VALIDATE_PRODUCT = YES;
			};
			name = Release;
		};
		8FE92BF82088EAEE00645A01 /* Debug */ = {
			isa = XCBuildConfiguration;
			buildSettings = {
				ASSETCATALOG_COMPILER_APPICON_NAME = AppIcon;
				CODE_SIGN_STYLE = Automatic;
				DEVELOPMENT_TEAM = 75D3EZ7GXB;
				INFOPLIST_FILE = Practica_5_Custom_cells/Info.plist;
				LD_RUNPATH_SEARCH_PATHS = (
					"$(inherited)",
					"@executable_path/Frameworks",
				);
				PRODUCT_BUNDLE_IDENTIFIER = "com.ChairezManuel.Practica-5-Custom-cells";
				PRODUCT_NAME = "$(TARGET_NAME)";
				SWIFT_VERSION = 4.0;
				TARGETED_DEVICE_FAMILY = "1,2";
			};
			name = Debug;
		};
		8FE92BF92088EAEE00645A01 /* Release */ = {
			isa = XCBuildConfiguration;
			buildSettings = {
				ASSETCATALOG_COMPILER_APPICON_NAME = AppIcon;
				CODE_SIGN_STYLE = Automatic;
				DEVELOPMENT_TEAM = 75D3EZ7GXB;
				INFOPLIST_FILE = Practica_5_Custom_cells/Info.plist;
				LD_RUNPATH_SEARCH_PATHS = (
					"$(inherited)",
					"@executable_path/Frameworks",
				);
				PRODUCT_BUNDLE_IDENTIFIER = "com.ChairezManuel.Practica-5-Custom-cells";
				PRODUCT_NAME = "$(TARGET_NAME)";
				SWIFT_VERSION = 4.0;
				TARGETED_DEVICE_FAMILY = "1,2";
			};
			name = Release;
		};
/* End XCBuildConfiguration section */

/* Begin XCConfigurationList section */
		8FE92BE02088EAEE00645A01 /* Build configuration list for PBXProject "Practica_5_Custom_cells" */ = {
			isa = XCConfigurationList;
			buildConfigurations = (
				8FE92BF52088EAEE00645A01 /* Debug */,
				8FE92BF62088EAEE00645A01 /* Release */,
			);
			defaultConfigurationIsVisible = 0;
			defaultConfigurationName = Release;
		};
		8FE92BF72088EAEE00645A01 /* Build configuration list for PBXNativeTarget "Practica_5_Custom_cells" */ = {
			isa = XCConfigurationList;
			buildConfigurations = (
				8FE92BF82088EAEE00645A01 /* Debug */,
				8FE92BF92088EAEE00645A01 /* Release */,
			);
			defaultConfigurationIsVisible = 0;
			defaultConfigurationName = Release;
		};
/* End XCConfigurationList section */
	};
	rootObject = 8FE92BDD2088EAEE00645A01 /* Project object */;
}
