// !$*UTF8*$!
{
	archiveVersion = 1;
	classes = {
	};
	objectVersion = 50;
	objects = {

/* Begin PBXBuildFile section */
		8F5487C320B32B2A00202C30 /* AppDelegate.swift in Sources */ = {isa = PBXBuildFile; fileRef = 8F5487C220B32B2A00202C30 /* AppDelegate.swift */; };
		8F5487C520B32B2A00202C30 /* ViewController.swift in Sources */ = {isa = PBXBuildFile; fileRef = 8F5487C420B32B2A00202C30 /* ViewController.swift */; };
		8F5487C820B32B2A00202C30 /* Main.storyboard in Resources */ = {isa = PBXBuildFile; fileRef = 8F5487C620B32B2A00202C30 /* Main.storyboard */; };
		8F5487CA20B32B2B00202C30 /* Assets.xcassets in Resources */ = {isa = PBXBuildFile; fileRef = 8F5487C920B32B2B00202C30 /* Assets.xcassets */; };
		8F5487CD20B32B2B00202C30 /* LaunchScreen.storyboard in Resources */ = {isa = PBXBuildFile; fileRef = 8F5487CB20B32B2B00202C30 /* LaunchScreen.storyboard */; };
		8F5487D520B512AA00202C30 /* MenuController.swift in Sources */ = {isa = PBXBuildFile; fileRef = 8F5487D420B512AA00202C30 /* MenuController.swift */; };
		8F5487D920B5162300202C30 /* CategoryRow.swift in Sources */ = {isa = PBXBuildFile; fileRef = 8F5487D820B5162300202C30 /* CategoryRow.swift */; };
		8FD5942E20B526C50054F96E /* HomeController.swift in Sources */ = {isa = PBXBuildFile; fileRef = 8FD5942D20B526C50054F96E /* HomeController.swift */; };
		8FD5943020B5B51C0054F96E /* DetailViewController.swift in Sources */ = {isa = PBXBuildFile; fileRef = 8FD5942F20B5B51C0054F96E /* DetailViewController.swift */; };
		8FD5943220B5D4F40054F96E /* FoodItem.swift in Sources */ = {isa = PBXBuildFile; fileRef = 8FD5943120B5D4F40054F96E /* FoodItem.swift */; };
		8FD5943420B5E9330054F96E /* HomeCell.swift in Sources */ = {isa = PBXBuildFile; fileRef = 8FD5943320B5E9330054F96E /* HomeCell.swift */; };
/* End PBXBuildFile section */

/* Begin PBXFileReference section */
		8F5487BF20B32B2A00202C30 /* Food_Menu.app */ = {isa = PBXFileReference; explicitFileType = wrapper.application; includeInIndex = 0; path = Food_Menu.app; sourceTree = BUILT_PRODUCTS_DIR; };
		8F5487C220B32B2A00202C30 /* AppDelegate.swift */ = {isa = PBXFileReference; lastKnownFileType = sourcecode.swift; path = AppDelegate.swift; sourceTree = "<group>"; };
		8F5487C420B32B2A00202C30 /* ViewController.swift */ = {isa = PBXFileReference; lastKnownFileType = sourcecode.swift; path = ViewController.swift; sourceTree = "<group>"; };
		8F5487C720B32B2A00202C30 /* Base */ = {isa = PBXFileReference; lastKnownFileType = file.storyboard; name = Base; path = Base.lproj/Main.storyboard; sourceTree = "<group>"; };
		8F5487C920B32B2B00202C30 /* Assets.xcassets */ = {isa = PBXFileReference; lastKnownFileType = folder.assetcatalog; path = Assets.xcassets; sourceTree = "<group>"; };
		8F5487CC20B32B2B00202C30 /* Base */ = {isa = PBXFileReference; lastKnownFileType = file.storyboard; name = Base; path = Base.lproj/LaunchScreen.storyboard; sourceTree = "<group>"; };
		8F5487CE20B32B2B00202C30 /* Info.plist */ = {isa = PBXFileReference; lastKnownFileType = text.plist.xml; path = Info.plist; sourceTree = "<group>"; };
		8F5487D420B512AA00202C30 /* MenuController.swift */ = {isa = PBXFileReference; lastKnownFileType = sourcecode.swift; path = MenuController.swift; sourceTree = "<group>"; };
		8F5487D820B5162300202C30 /* CategoryRow.swift */ = {isa = PBXFileReference; lastKnownFileType = sourcecode.swift; path = CategoryRow.swift; sourceTree = "<group>"; };
		8FD5942D20B526C50054F96E /* HomeController.swift */ = {isa = PBXFileReference; lastKnownFileType = sourcecode.swift; path = HomeController.swift; sourceTree = "<group>"; };
		8FD5942F20B5B51C0054F96E /* DetailViewController.swift */ = {isa = PBXFileReference; lastKnownFileType = sourcecode.swift; path = DetailViewController.swift; sourceTree = "<group>"; };
		8FD5943120B5D4F40054F96E /* FoodItem.swift */ = {isa = PBXFileReference; lastKnownFileType = sourcecode.swift; path = FoodItem.swift; sourceTree = "<group>"; };
		8FD5943320B5E9330054F96E /* HomeCell.swift */ = {isa = PBXFileReference; lastKnownFileType = sourcecode.swift; path = HomeCell.swift; sourceTree = "<group>"; };
/* End PBXFileReference section */

/* Begin PBXFrameworksBuildPhase section */
		8F5487BC20B32B2A00202C30 /* Frameworks */ = {
			isa = PBXFrameworksBuildPhase;
			buildActionMask = 2147483647;
			files = (
			);
			runOnlyForDeploymentPostprocessing = 0;
		};
/* End PBXFrameworksBuildPhase section */

/* Begin PBXGroup section */
		8F5487B620B32B2A00202C30 = {
			isa = PBXGroup;
			children = (
				8F5487C120B32B2A00202C30 /* Food_Menu */,
				8F5487C020B32B2A00202C30 /* Products */,
			);
			sourceTree = "<group>";
		};
		8F5487C020B32B2A00202C30 /* Products */ = {
			isa = PBXGroup;
			children = (
				8F5487BF20B32B2A00202C30 /* Food_Menu.app */,
			);
			name = Products;
			sourceTree = "<group>";
		};
		8F5487C120B32B2A00202C30 /* Food_Menu */ = {
			isa = PBXGroup;
			children = (
				8F5487C220B32B2A00202C30 /* AppDelegate.swift */,
				8F5487C420B32B2A00202C30 /* ViewController.swift */,
				8F5487C620B32B2A00202C30 /* Main.storyboard */,
				8F5487C920B32B2B00202C30 /* Assets.xcassets */,
				8F5487CB20B32B2B00202C30 /* LaunchScreen.storyboard */,
				8F5487CE20B32B2B00202C30 /* Info.plist */,
				8F5487D420B512AA00202C30 /* MenuController.swift */,
				8F5487D820B5162300202C30 /* CategoryRow.swift */,
				8FD5942D20B526C50054F96E /* HomeController.swift */,
				8FD5942F20B5B51C0054F96E /* DetailViewController.swift */,
				8FD5943120B5D4F40054F96E /* FoodItem.swift */,
				8FD5943320B5E9330054F96E /* HomeCell.swift */,
			);
			path = Food_Menu;
			sourceTree = "<group>";
		};
/* End PBXGroup section */

/* Begin PBXNativeTarget section */
		8F5487BE20B32B2A00202C30 /* Food_Menu */ = {
			isa = PBXNativeTarget;
			buildConfigurationList = 8F5487D120B32B2B00202C30 /* Build configuration list for PBXNativeTarget "Food_Menu" */;
			buildPhases = (
				8F5487BB20B32B2A00202C30 /* Sources */,
				8F5487BC20B32B2A00202C30 /* Frameworks */,
				8F5487BD20B32B2A00202C30 /* Resources */,
			);
			buildRules = (
			);
			dependencies = (
			);
			name = Food_Menu;
			productName = Food_Menu;
			productReference = 8F5487BF20B32B2A00202C30 /* Food_Menu.app */;
			productType = "com.apple.product-type.application";
		};
/* End PBXNativeTarget section */

/* Begin PBXProject section */
		8F5487B720B32B2A00202C30 /* Project object */ = {
			isa = PBXProject;
			attributes = {
				LastSwiftUpdateCheck = 0930;
				LastUpgradeCheck = 0930;
				ORGANIZATIONNAME = "Jose Manuel Chairez Macias";
				TargetAttributes = {
					8F5487BE20B32B2A00202C30 = {
						CreatedOnToolsVersion = 9.3.1;
					};
				};
			};
			buildConfigurationList = 8F5487BA20B32B2A00202C30 /* Build configuration list for PBXProject "Food_Menu" */;
			compatibilityVersion = "Xcode 9.3";
			developmentRegion = en;
			hasScannedForEncodings = 0;
			knownRegions = (
				en,
				Base,
			);
			mainGroup = 8F5487B620B32B2A00202C30;
			productRefGroup = 8F5487C020B32B2A00202C30 /* Products */;
			projectDirPath = "";
			projectRoot = "";
			targets = (
				8F5487BE20B32B2A00202C30 /* Food_Menu */,
			);
		};
/* End PBXProject section */

/* Begin PBXResourcesBuildPhase section */
		8F5487BD20B32B2A00202C30 /* Resources */ = {
			isa = PBXResourcesBuildPhase;
			buildActionMask = 2147483647;
			files = (
				8F5487CD20B32B2B00202C30 /* LaunchScreen.storyboard in Resources */,
				8F5487CA20B32B2B00202C30 /* Assets.xcassets in Resources */,
				8F5487C820B32B2A00202C30 /* Main.storyboard in Resources */,
			);
			runOnlyForDeploymentPostprocessing = 0;
		};
/* End PBXResourcesBuildPhase section */

/* Begin PBXSourcesBuildPhase section */
		8F5487BB20B32B2A00202C30 /* Sources */ = {
			isa = PBXSourcesBuildPhase;
			buildActionMask = 2147483647;
			files = (
				8FD5943220B5D4F40054F96E /* FoodItem.swift in Sources */,
				8F5487C520B32B2A00202C30 /* ViewController.swift in Sources */,
				8FD5943420B5E9330054F96E /* HomeCell.swift in Sources */,
				8F5487D520B512AA00202C30 /* MenuController.swift in Sources */,
				8F5487D920B5162300202C30 /* CategoryRow.swift in Sources */,
				8FD5943020B5B51C0054F96E /* DetailViewController.swift in Sources */,
				8F5487C320B32B2A00202C30 /* AppDelegate.swift in Sources */,
				8FD5942E20B526C50054F96E /* HomeController.swift in Sources */,
			);
			runOnlyForDeploymentPostprocessing = 0;
		};
/* End PBXSourcesBuildPhase section */

/* Begin PBXVariantGroup section */
		8F5487C620B32B2A00202C30 /* Main.storyboard */ = {
			isa = PBXVariantGroup;
			children = (
				8F5487C720B32B2A00202C30 /* Base */,
			);
			name = Main.storyboard;
			sourceTree = "<group>";
		};
		8F5487CB20B32B2B00202C30 /* LaunchScreen.storyboard */ = {
			isa = PBXVariantGroup;
			children = (
				8F5487CC20B32B2B00202C30 /* Base */,
			);
			name = LaunchScreen.storyboard;
			sourceTree = "<group>";
		};
/* End PBXVariantGroup section */

/* Begin XCBuildConfiguration section */
		8F5487CF20B32B2B00202C30 /* Debug */ = {
			isa = XCBuildConfiguration;
			buildSettings = {
				ALWAYS_SEARCH_USER_PATHS = NO;
				CLANG_ANALYZER_NONNULL = YES;
				CLANG_ANALYZER_NUMBER_OBJECT_CONVERSION = YES_AGGRESSIVE;
				CLANG_CXX_LANGUAGE_STANDARD = "gnu++14";
				CLANG_CXX_LIBRARY = "libc++";
				CLANG_ENABLE_MODULES = YES;
				CLANG_ENABLE_OBJC_ARC = YES;
				CLANG_ENABLE_OBJC_WEAK = YES;
				CLANG_WARN_BLOCK_CAPTURE_AUTORELEASING = YES;
				CLANG_WARN_BOOL_CONVERSION = YES;
				CLANG_WARN_COMMA = YES;
				CLANG_WARN_CONSTANT_CONVERSION = YES;
				CLANG_WARN_DEPRECATED_OBJC_IMPLEMENTATIONS = YES;
				CLANG_WARN_DIRECT_OBJC_ISA_USAGE = YES_ERROR;
				CLANG_WARN_DOCUMENTATION_COMMENTS = YES;
				CLANG_WARN_EMPTY_BODY = YES;
				CLANG_WARN_ENUM_CONVERSION = YES;
				CLANG_WARN_INFINITE_RECURSION = YES;
				CLANG_WARN_INT_CONVERSION = YES;
				CLANG_WARN_NON_LITERAL_NULL_CONVERSION = YES;
				CLANG_WARN_OBJC_IMPLICIT_RETAIN_SELF = YES;
				CLANG_WARN_OBJC_LITERAL_CONVERSION = YES;
				CLANG_WARN_OBJC_ROOT_CLASS = YES_ERROR;
				CLANG_WARN_RANGE_LOOP_ANALYSIS = YES;
				CLANG_WARN_STRICT_PROTOTYPES = YES;
				CLANG_WARN_SUSPICIOUS_MOVE = YES;
				CLANG_WARN_UNGUARDED_AVAILABILITY = YES_AGGRESSIVE;
				CLANG_WARN_UNREACHABLE_CODE = YES;
				CLANG_WARN__DUPLICATE_METHOD_MATCH = YES;
				CODE_SIGN_IDENTITY = "iPhone Developer";
				COPY_PHASE_STRIP = NO;
				DEBUG_INFORMATION_FORMAT = dwarf;
				ENABLE_STRICT_OBJC_MSGSEND = YES;
				ENABLE_TESTABILITY = YES;
				GCC_C_LANGUAGE_STANDARD = gnu11;
				GCC_DYNAMIC_NO_PIC = NO;
				GCC_NO_COMMON_BLOCKS = YES;
				GCC_OPTIMIZATION_LEVEL = 0;
				GCC_PREPROCESSOR_DEFINITIONS = (
					"DEBUG=1",
					"$(inherited)",
				);
				GCC_WARN_64_TO_32_BIT_CONVERSION = YES;
				GCC_WARN_ABOUT_RETURN_TYPE = YES_ERROR;
				GCC_WARN_UNDECLARED_SELECTOR = YES;
				GCC_WARN_UNINITIALIZED_AUTOS = YES_AGGRESSIVE;
				GCC_WARN_UNUSED_FUNCTION = YES;
				GCC_WARN_UNUSED_VARIABLE = YES;
				IPHONEOS_DEPLOYMENT_TARGET = 11.3;
				MTL_ENABLE_DEBUG_INFO = YES;
				ONLY_ACTIVE_ARCH = YES;
				SDKROOT = iphoneos;
				SWIFT_ACTIVE_COMPILATION_CONDITIONS = DEBUG;
				SWIFT_OPTIMIZATION_LEVEL = "-Onone";
			};
			name = Debug;
		};
		8F5487D020B32B2B00202C30 /* Release */ = {
			isa = XCBuildConfiguration;
			buildSettings = {
				ALWAYS_SEARCH_USER_PATHS = NO;
				CLANG_ANALYZER_NONNULL = YES;
				CLANG_ANALYZER_NUMBER_OBJECT_CONVERSION = YES_AGGRESSIVE;
				CLANG_CXX_LANGUAGE_STANDARD = "gnu++14";
				CLANG_CXX_LIBRARY = "libc++";
				CLANG_ENABLE_MODULES = YES;
				CLANG_ENABLE_OBJC_ARC = YES;
				CLANG_ENABLE_OBJC_WEAK = YES;
				CLANG_WARN_BLOCK_CAPTURE_AUTORELEASING = YES;
				CLANG_WARN_BOOL_CONVERSION = YES;
				CLANG_WARN_COMMA = YES;
				CLANG_WARN_CONSTANT_CONVERSION = YES;
				CLANG_WARN_DEPRECATED_OBJC_IMPLEMENTATIONS = YES;
				CLANG_WARN_DIRECT_OBJC_ISA_USAGE = YES_ERROR;
				CLANG_WARN_DOCUMENTATION_COMMENTS = YES;
				CLANG_WARN_EMPTY_BODY = YES;
				CLANG_WARN_ENUM_CONVERSION = YES;
				CLANG_WARN_INFINITE_RECURSION = YES;
				CLANG_WARN_INT_CONVERSION = YES;
				CLANG_WARN_NON_LITERAL_NULL_CONVERSION = YES;
				CLANG_WARN_OBJC_IMPLICIT_RETAIN_SELF = YES;
				CLANG_WARN_OBJC_LITERAL_CONVERSION = YES;
				CLANG_WARN_OBJC_ROOT_CLASS = YES_ERROR;
				CLANG_WARN_RANGE_LOOP_ANALYSIS = YES;
				CLANG_WARN_STRICT_PROTOTYPES = YES;
				CLANG_WARN_SUSPICIOUS_MOVE = YES;
				CLANG_WARN_UNGUARDED_AVAILABILITY = YES_AGGRESSIVE;
				CLANG_WARN_UNREACHABLE_CODE = YES;
				CLANG_WARN__DUPLICATE_METHOD_MATCH = YES;
				CODE_SIGN_IDENTITY = "iPhone Developer";
				COPY_PHASE_STRIP = NO;
				DEBUG_INFORMATION_FORMAT = "dwarf-with-dsym";
				ENABLE_NS_ASSERTIONS = NO;
				ENABLE_STRICT_OBJC_MSGSEND = YES;
				GCC_C_LANGUAGE_STANDARD = gnu11;
				GCC_NO_COMMON_BLOCKS = YES;
				GCC_WARN_64_TO_32_BIT_CONVERSION = YES;
				GCC_WARN_ABOUT_RETURN_TYPE = YES_ERROR;
				GCC_WARN_UNDECLARED_SELECTOR = YES;
				GCC_WARN_UNINITIALIZED_AUTOS = YES_AGGRESSIVE;
				GCC_WARN_UNUSED_FUNCTION = YES;
				GCC_WARN_UNUSED_VARIABLE = YES;
				IPHONEOS_DEPLOYMENT_TARGET = 11.3;
				MTL_ENABLE_DEBUG_INFO = NO;
				SDKROOT = iphoneos;
				SWIFT_COMPILATION_MODE = wholemodule;
				SWIFT_OPTIMIZATION_LEVEL = "-O";
				VALIDATE_PRODUCT = YES;
			};
			name = Release;
		};
		8F5487D220B32B2B00202C30 /* Debug */ = {
			isa = XCBuildConfiguration;
			buildSettings = {
				ASSETCATALOG_COMPILER_APPICON_NAME = AppIcon;
				CODE_SIGN_STYLE = Automatic;
				DEVELOPMENT_TEAM = 75D3EZ7GXB;
				INFOPLIST_FILE = Food_Menu/Info.plist;
				LD_RUNPATH_SEARCH_PATHS = (
					"$(inherited)",
					"@executable_path/Frameworks",
				);
				PRODUCT_BUNDLE_IDENTIFIER = "com.ChairezManuel.Food-Menu";
				PRODUCT_NAME = "$(TARGET_NAME)";
				SWIFT_VERSION = 4.0;
				TARGETED_DEVICE_FAMILY = "1,2";
			};
			name = Debug;
		};
		8F5487D320B32B2B00202C30 /* Release */ = {
			isa = XCBuildConfiguration;
			buildSettings = {
				ASSETCATALOG_COMPILER_APPICON_NAME = AppIcon;
				CODE_SIGN_STYLE = Automatic;
				DEVELOPMENT_TEAM = 75D3EZ7GXB;
				INFOPLIST_FILE = Food_Menu/Info.plist;
				LD_RUNPATH_SEARCH_PATHS = (
					"$(inherited)",
					"@executable_path/Frameworks",
				);
				PRODUCT_BUNDLE_IDENTIFIER = "com.ChairezManuel.Food-Menu";
				PRODUCT_NAME = "$(TARGET_NAME)";
				SWIFT_VERSION = 4.0;
				TARGETED_DEVICE_FAMILY = "1,2";
			};
			name = Release;
		};
/* End XCBuildConfiguration section */

/* Begin XCConfigurationList section */
		8F5487BA20B32B2A00202C30 /* Build configuration list for PBXProject "Food_Menu" */ = {
			isa = XCConfigurationList;
			buildConfigurations = (
				8F5487CF20B32B2B00202C30 /* Debug */,
				8F5487D020B32B2B00202C30 /* Release */,
			);
			defaultConfigurationIsVisible = 0;
			defaultConfigurationName = Release;
		};
		8F5487D120B32B2B00202C30 /* Build configuration list for PBXNativeTarget "Food_Menu" */ = {
			isa = XCConfigurationList;
			buildConfigurations = (
				8F5487D220B32B2B00202C30 /* Debug */,
				8F5487D320B32B2B00202C30 /* Release */,
			);
			defaultConfigurationIsVisible = 0;
			defaultConfigurationName = Release;
		};
/* End XCConfigurationList section */
	};
	rootObject = 8F5487B720B32B2A00202C30 /* Project object */;
}
